
Microsoft Visual Studio Solution File, Format Version 12.00
# Visual Studio Version 17
VisualStudioVersion = 17.3.32804.467
MinimumVisualStudioVersion = 10.0.40219.1
Project("{9A19103F-16F7-4668-BE54-9A1E7A4F7556}") = "PTT.KEP.API", "Dependencies\PTTKEP_Source\PTT.KEP.API.csproj", "{3216BE31-3839-4887-B614-6B118BD1BEEA}"
EndProject
Project("{9A19103F-16F7-4668-BE54-9A1E7A4F7556}") = "Aesob.Web.Test", "Aesob.Web.Test\Aesob.Web.Test.csproj", "{89C7D31B-887E-4428-AF3D-1867097BE899}"
EndProject
Project("{9A19103F-16F7-4668-BE54-9A1E7A4F7556}") = "Aesob.KEP", "Aesob.KEP\Aesob.KEP.csproj", "{8CEEA243-FD8A-497B-8AD4-F0B4182C5CDD}"
EndProject
Project("{FAE04EC0-301F-11D3-BF4B-00C04F79EFBC}") = "Cbddo.eYazisma", "Dependencies\Cbddo.eYazisma\Cbddo.eYazisma.csproj", "{AD1626EA-C9B3-417C-8A64-0B3E8265FCA2}"
EndProject
Project("{FAE04EC0-301F-11D3-BF4B-00C04F79EFBC}") = "Dpt.eYazisma", "Dependencies\Dpt.eYazisma\Dpt.eYazisma.csproj", "{E20A6D9A-6B0F-455E-BE51-C13086EBD29D}"
EndProject
Project("{9A19103F-16F7-4668-BE54-9A1E7A4F7556}") = "Aesob.Web.Library", "..\AesobWebCore\Aesob.Web.Library\Aesob.Web.Library.csproj", "{C2523152-40C0-4114-8DB4-1B428D8DC67C}"
EndProject
Project("{9A19103F-16F7-4668-BE54-9A1E7A4F7556}") = "Aesob.Web.Core", "..\AesobWebCore\Aesob.Web.Core\Aesob.Web.Core.csproj", "{AAD2B1D8-1334-4A25-9BB6-A198859ADBC1}"
EndProject
Project("{9A19103F-16F7-4668-BE54-9A1E7A4F7556}") = "Aesob.Docs.Services", "..\AesobDocs\Aesob.Docs.Services\Aesob.Docs.Services.csproj", "{48B629C1-5BE9-4640-BD4E-2F6981544461}"
EndProject
Global
	GlobalSection(SolutionConfigurationPlatforms) = preSolution
		Debug|Any CPU = Debug|Any CPU
		Release|Any CPU = Release|Any CPU
	EndGlobalSection
	GlobalSection(ProjectConfigurationPlatforms) = postSolution
		{3216BE31-3839-4887-B614-6B118BD1BEEA}.Debug|Any CPU.ActiveCfg = Debug|Any CPU
		{3216BE31-3839-4887-B614-6B118BD1BEEA}.Debug|Any CPU.Build.0 = Debug|Any CPU
		{3216BE31-3839-4887-B614-6B118BD1BEEA}.Release|Any CPU.ActiveCfg = Release|Any CPU
		{3216BE31-3839-4887-B614-6B118BD1BEEA}.Release|Any CPU.Build.0 = Release|Any CPU
		{89C7D31B-887E-4428-AF3D-1867097BE899}.Debug|Any CPU.ActiveCfg = Debug|Any CPU
		{89C7D31B-887E-4428-AF3D-1867097BE899}.Debug|Any CPU.Build.0 = Debug|Any CPU
		{89C7D31B-887E-4428-AF3D-1867097BE899}.Release|Any CPU.ActiveCfg = Release|Any CPU
		{89C7D31B-887E-4428-AF3D-1867097BE899}.Release|Any CPU.Build.0 = Release|Any CPU
		{8CEEA243-FD8A-497B-8AD4-F0B4182C5CDD}.Debug|Any CPU.ActiveCfg = Debug|Any CPU
		{8CEEA243-FD8A-497B-8AD4-F0B4182C5CDD}.Debug|Any CPU.Build.0 = Debug|Any CPU
		{8CEEA243-FD8A-497B-8AD4-F0B4182C5CDD}.Release|Any CPU.ActiveCfg = Release|Any CPU
		{8CEEA243-FD8A-497B-8AD4-F0B4182C5CDD}.Release|Any CPU.Build.0 = Release|Any CPU
		{AD1626EA-C9B3-417C-8A64-0B3E8265FCA2}.Debug|Any CPU.ActiveCfg = Debug|Any CPU
		{AD1626EA-C9B3-417C-8A64-0B3E8265FCA2}.Debug|Any CPU.Build.0 = Debug|Any CPU
		{AD1626EA-C9B3-417C-8A64-0B3E8265FCA2}.Release|Any CPU.ActiveCfg = Release|Any CPU
		{AD1626EA-C9B3-417C-8A64-0B3E8265FCA2}.Release|Any CPU.Build.0 = Release|Any CPU
		{E20A6D9A-6B0F-455E-BE51-C13086EBD29D}.Debug|Any CPU.ActiveCfg = Debug|Any CPU
		{E20A6D9A-6B0F-455E-BE51-C13086EBD29D}.Debug|Any CPU.Build.0 = Debug|Any CPU
		{E20A6D9A-6B0F-455E-BE51-C13086EBD29D}.Release|Any CPU.ActiveCfg = Release|Any CPU
		{E20A6D9A-6B0F-455E-BE51-C13086EBD29D}.Release|Any CPU.Build.0 = Release|Any CPU
		{C2523152-40C0-4114-8DB4-1B428D8DC67C}.Debug|Any CPU.ActiveCfg = Debug|Any CPU
		{C2523152-40C0-4114-8DB4-1B428D8DC67C}.Debug|Any CPU.Build.0 = Debug|Any CPU
		{C2523152-40C0-4114-8DB4-1B428D8DC67C}.Release|Any CPU.ActiveCfg = Release|Any CPU
		{C2523152-40C0-4114-8DB4-1B428D8DC67C}.Release|Any CPU.Build.0 = Release|Any CPU
		{AAD2B1D8-1334-4A25-9BB6-A198859ADBC1}.Debug|Any CPU.ActiveCfg = Debug|Any CPU
		{AAD2B1D8-1334-4A25-9BB6-A198859ADBC1}.Debug|Any CPU.Build.0 = Debug|Any CPU
		{AAD2B1D8-1334-4A25-9BB6-A198859ADBC1}.Release|Any CPU.ActiveCfg = Release|Any CPU
		{AAD2B1D8-1334-4A25-9BB6-A198859ADBC1}.Release|Any CPU.Build.0 = Release|Any CPU
		{48B629C1-5BE9-4640-BD4E-2F6981544461}.Debug|Any CPU.ActiveCfg = Debug|Any CPU
		{48B629C1-5BE9-4640-BD4E-2F6981544461}.Debug|Any CPU.Build.0 = Debug|Any CPU
		{48B629C1-5BE9-4640-BD4E-2F6981544461}.Release|Any CPU.ActiveCfg = Release|Any CPU
		{48B629C1-5BE9-4640-BD4E-2F6981544461}.Release|Any CPU.Build.0 = Release|Any CPU
	EndGlobalSection
	GlobalSection(SolutionProperties) = preSolution
		HideSolutionNode = FALSE
	EndGlobalSection
	GlobalSection(ExtensibilityGlobals) = postSolution
		SolutionGuid = {5206D89F-A4C0-4101-9ABD-6080BB15739D}
	EndGlobalSection
EndGlobal
